
Microsoft Visual Studio Solution File, Format Version 12.00
# Visual Studio 15
VisualStudioVersion = 15.0.28307.645
MinimumVisualStudioVersion = 10.0.40219.1
Project("{FAE04EC0-301F-11D3-BF4B-00C04F79EFBC}") = "ListaDeAmigos1", "ListaDeAmigos1\ListaDeAmigos1.csproj", "{A8F9C722-7EA7-4563-9874-6D9ED9BF1BF6}"
EndProject
Global
	GlobalSection(SolutionConfigurationPlatforms) = preSolution
		Debug|Any CPU = Debug|Any CPU
		Release|Any CPU = Release|Any CPU
	EndGlobalSection
	GlobalSection(ProjectConfigurationPlatforms) = postSolution
		{A8F9C722-7EA7-4563-9874-6D9ED9BF1BF6}.Debug|Any CPU.ActiveCfg = Debug|Any CPU
		{A8F9C722-7EA7-4563-9874-6D9ED9BF1BF6}.Debug|Any CPU.Build.0 = Debug|Any CPU
		{A8F9C722-7EA7-4563-9874-6D9ED9BF1BF6}.Release|Any CPU.ActiveCfg = Release|Any CPU
		{A8F9C722-7EA7-4563-9874-6D9ED9BF1BF6}.Release|Any CPU.Build.0 = Release|Any CPU
	EndGlobalSection
	GlobalSection(SolutionProperties) = preSolution
		HideSolutionNode = FALSE
	EndGlobalSection
	GlobalSection(ExtensibilityGlobals) = postSolution
		SolutionGuid = {C533E47A-7F8D-4B3F-BBDE-11F8FE3790F3}
	EndGlobalSection
EndGlobal
